# THIS IS AN AUTOGENERATED FILE. DO NOT EDIT THIS FILE DIRECTLY.
# yarn lockfile v1


is-buffer@^1.1.5:
  version "1.1.6"
  resolved "https://artifactory.g.devqa.gcp.dev.paypalinc.com/artifactory/api/npm/npm-all/is-buffer/-/is-buffer-1.1.6.tgz#efaa2ea9daa0d7ab2ea13a97b2b8ad51fefbe8be"
  integrity sha1-76ouqdqg16suoTqXsritUf776L4=

is-even@^1.0.0:
  version "1.0.0"
  resolved "https://artifactory.g.devqa.gcp.dev.paypalinc.com/artifactory/api/npm/npm-all/is-even/-/is-even-1.0.0.tgz#76b5055fbad8d294a86b6a949015e1c97b717c06"
  integrity sha1-drUFX7rY0pSoa2qUkBXhyXtxfAY=
  dependencies:
    is-odd "^0.1.2"

is-number@^3.0.0:
  version "3.0.0"
  resolved "https://artifactory.g.devqa.gcp.dev.paypalinc.com/artifactory/api/npm/npm-all/is-number/-/is-number-3.0.0.tgz#24fd6201a4782cf50561c810276afc7d12d71195"
  integrity sha1-JP1iAaR4LPUFYcgQJ2r8fRLXEZU=
  dependencies:
    kind-of "^3.0.2"

is-odd@^0.1.2:
  version "0.1.2"
  resolved "https://artifactory.g.devqa.gcp.dev.paypalinc.com/artifactory/api/npm/npm-all/is-odd/-/is-odd-0.1.2.tgz#bc573b5ce371ef2aad6e6f49799b72bef13978a7"
  integrity sha1-vFc7XONx7yqtbm9JeZtyvvE5eKc=
  dependencies:
    is-number "^3.0.0"

kind-of@^3.0.2:
  version "3.2.2"
  resolved "https://artifactory.g.devqa.gcp.dev.paypalinc.com/artifactory/api/npm/npm-all/kind-of/-/kind-of-3.2.2.tgz#31ea21a734bab9bbb0f32466d893aea51e4a3c64"
  integrity sha1-MeohpzS6ubuw8yRm2JOupR5KPGQ=
  dependencies:
    is-buffer "^1.1.5"
